
Microsoft Visual Studio Solution File, Format Version 12.00
# Visual Studio Version 17
VisualStudioVersion = 17.1.32210.238
MinimumVisualStudioVersion = 10.0.40219.1
Project("{9A19103F-16F7-4668-BE54-9A1E7A4F7556}") = "Repository", "Repository\Repository.csproj", "{28C85467-F761-4F59-88C3-3B79A8700A85}"
EndProject
Project("{9A19103F-16F7-4668-BE54-9A1E7A4F7556}") = "Domain", "Domain\Domain.csproj", "{F891FF21-6955-40F4-A617-F58BB55E1311}"
EndProject
Project("{FAE04EC0-301F-11D3-BF4B-00C04F79EFBC}") = "FleetTesting", "FleetTesting\FleetTesting.csproj", "{1677AA55-7EFD-4BAE-B77C-679FB69B1A0D}"
EndProject
Global
	GlobalSection(SolutionConfigurationPlatforms) = preSolution
		Debug|Any CPU = Debug|Any CPU
		Release|Any CPU = Release|Any CPU
	EndGlobalSection
	GlobalSection(ProjectConfigurationPlatforms) = postSolution
		{28C85467-F761-4F59-88C3-3B79A8700A85}.Debug|Any CPU.ActiveCfg = Debug|Any CPU
		{28C85467-F761-4F59-88C3-3B79A8700A85}.Debug|Any CPU.Build.0 = Debug|Any CPU
		{28C85467-F761-4F59-88C3-3B79A8700A85}.Release|Any CPU.ActiveCfg = Release|Any CPU
		{28C85467-F761-4F59-88C3-3B79A8700A85}.Release|Any CPU.Build.0 = Release|Any CPU
		{F891FF21-6955-40F4-A617-F58BB55E1311}.Debug|Any CPU.ActiveCfg = Debug|Any CPU
		{F891FF21-6955-40F4-A617-F58BB55E1311}.Debug|Any CPU.Build.0 = Debug|Any CPU
		{F891FF21-6955-40F4-A617-F58BB55E1311}.Release|Any CPU.ActiveCfg = Release|Any CPU
		{F891FF21-6955-40F4-A617-F58BB55E1311}.Release|Any CPU.Build.0 = Release|Any CPU
		{1677AA55-7EFD-4BAE-B77C-679FB69B1A0D}.Debug|Any CPU.ActiveCfg = Debug|Any CPU
		{1677AA55-7EFD-4BAE-B77C-679FB69B1A0D}.Debug|Any CPU.Build.0 = Debug|Any CPU
		{1677AA55-7EFD-4BAE-B77C-679FB69B1A0D}.Release|Any CPU.ActiveCfg = Release|Any CPU
		{1677AA55-7EFD-4BAE-B77C-679FB69B1A0D}.Release|Any CPU.Build.0 = Release|Any CPU
	EndGlobalSection
	GlobalSection(SolutionProperties) = preSolution
		HideSolutionNode = FALSE
	EndGlobalSection
	GlobalSection(ExtensibilityGlobals) = postSolution
		SolutionGuid = {8413CA02-DAA6-43FD-AEE1-AE4E30A8835C}
	EndGlobalSection
EndGlobal
